{
  "name": "my_little_ant",
  "lockfileVersion": 3,
  "requires": true,
  "packages": {
    "": {
      "dependencies": {
        "gifffer": "^1.5.4"
      }
    },
    "node_modules/gifffer": {
      "version": "1.5.4",
      "resolved": "https://registry.npmjs.org/gifffer/-/gifffer-1.5.4.tgz",
      "integrity": "sha512-JWpr4eKta98gtH3xeCuIEQY9XZkMgpx5dJz+wb1qZV0bv2+mG07fffdnV/sb+JGR6ISUP19e43yjG8vrpBoitw=="
    }
  }
}
